// !$*UTF8*$!
{
	archiveVersion = 1;
	classes = {
	};
	objectVersion = 50;
	objects = {

/* Begin PBXBuildFile section */
		FA28F2AA224FEB500078A4A3 /* Event.cpp in Sources */ = {isa = PBXBuildFile; fileRef = FA28F2A8224FEB500078A4A3 /* Event.cpp */; };
		FA4D7B55226B0B2000017415 /* Management.cpp in Sources */ = {isa = PBXBuildFile; fileRef = FA4D7B53226B0B2000017415 /* Management.cpp */; };
		FA4D7B58226B198200017415 /* Test.cpp in Sources */ = {isa = PBXBuildFile; fileRef = FA4D7B56226B198200017415 /* Test.cpp */; };
		FAAE230E223D178100E323FB /* ResourcePath.mm in Sources */ = {isa = PBXBuildFile; fileRef = FAAE230D223D178100E323FB /* ResourcePath.mm */; };
		FAAE2311223D178100E323FB /* main.cpp in Sources */ = {isa = PBXBuildFile; fileRef = FAAE2310223D178100E323FB /* main.cpp */; };
		FAAE2314223D178100E323FB /* cute_image.jpg in Resources */ = {isa = PBXBuildFile; fileRef = FAAE2313223D178100E323FB /* cute_image.jpg */; };
		FAAE2316223D178100E323FB /* nice_music.ogg in Resources */ = {isa = PBXBuildFile; fileRef = FAAE2315223D178100E323FB /* nice_music.ogg */; };
		FAAE2318223D178100E323FB /* sansation.ttf in Resources */ = {isa = PBXBuildFile; fileRef = FAAE2317223D178100E323FB /* sansation.ttf */; };
		FAAE231A223D178100E323FB /* icon.png in Resources */ = {isa = PBXBuildFile; fileRef = FAAE2319223D178100E323FB /* icon.png */; };
		FAC19B1C223F76E900C44E40 /* GLUT.framework in Frameworks */ = {isa = PBXBuildFile; fileRef = FAC19B1B223F76E900C44E40 /* GLUT.framework */; };
		FAC19B1E223F76F100C44E40 /* OpenGL.framework in Frameworks */ = {isa = PBXBuildFile; fileRef = FAC19B1D223F76F100C44E40 /* OpenGL.framework */; };
		FAC19B21223F7B7E00C44E40 /* GraphFile.cpp in Sources */ = {isa = PBXBuildFile; fileRef = FAC19B1F223F7B7E00C44E40 /* GraphFile.cpp */; };
		FAC19B23223F8D0F00C44E40 /* resources in Resources */ = {isa = PBXBuildFile; fileRef = FAC19B22223F8D0F00C44E40 /* resources */; };
/* End PBXBuildFile section */

/* Begin PBXFileReference section */
		FA28F2A8224FEB500078A4A3 /* Event.cpp */ = {isa = PBXFileReference; lastKnownFileType = sourcecode.cpp.cpp; path = Event.cpp; sourceTree = "<group>"; };
		FA28F2A9224FEB500078A4A3 /* Event.hpp */ = {isa = PBXFileReference; lastKnownFileType = sourcecode.cpp.h; path = Event.hpp; sourceTree = "<group>"; };
		FA4D7B53226B0B2000017415 /* Management.cpp */ = {isa = PBXFileReference; lastKnownFileType = sourcecode.cpp.cpp; path = Management.cpp; sourceTree = "<group>"; };
		FA4D7B54226B0B2000017415 /* Management.hpp */ = {isa = PBXFileReference; lastKnownFileType = sourcecode.cpp.h; path = Management.hpp; sourceTree = "<group>"; };
		FA4D7B56226B198200017415 /* Test.cpp */ = {isa = PBXFileReference; lastKnownFileType = sourcecode.cpp.cpp; path = Test.cpp; sourceTree = "<group>"; };
		FA4D7B57226B198200017415 /* Test.hpp */ = {isa = PBXFileReference; lastKnownFileType = sourcecode.cpp.h; path = Test.hpp; sourceTree = "<group>"; };
		FAAE2308223D178100E323FB /* NewWave.app */ = {isa = PBXFileReference; explicitFileType = wrapper.application; includeInIndex = 0; path = NewWave.app; sourceTree = BUILT_PRODUCTS_DIR; };
		FAAE230C223D178100E323FB /* NewWave-Info.plist */ = {isa = PBXFileReference; lastKnownFileType = text.plist.xml; path = "NewWave-Info.plist"; sourceTree = "<group>"; };
		FAAE230D223D178100E323FB /* ResourcePath.mm */ = {isa = PBXFileReference; lastKnownFileType = sourcecode.cpp.objcpp; path = ResourcePath.mm; sourceTree = "<group>"; };
		FAAE230F223D178100E323FB /* ResourcePath.hpp */ = {isa = PBXFileReference; lastKnownFileType = sourcecode.cpp.h; path = ResourcePath.hpp; sourceTree = "<group>"; };
		FAAE2310223D178100E323FB /* main.cpp */ = {isa = PBXFileReference; lastKnownFileType = sourcecode.cpp.cpp; path = main.cpp; sourceTree = "<group>"; };
		FAAE2313223D178100E323FB /* cute_image.jpg */ = {isa = PBXFileReference; lastKnownFileType = image.jpeg; path = cute_image.jpg; sourceTree = "<group>"; };
		FAAE2315223D178100E323FB /* nice_music.ogg */ = {isa = PBXFileReference; lastKnownFileType = file; path = nice_music.ogg; sourceTree = "<group>"; };
		FAAE2317223D178100E323FB /* sansation.ttf */ = {isa = PBXFileReference; lastKnownFileType = file; path = sansation.ttf; sourceTree = "<group>"; };
		FAAE2319223D178100E323FB /* icon.png */ = {isa = PBXFileReference; lastKnownFileType = image.png; path = icon.png; sourceTree = "<group>"; };
		FAC19B1B223F76E900C44E40 /* GLUT.framework */ = {isa = PBXFileReference; lastKnownFileType = wrapper.framework; name = GLUT.framework; path = System/Library/Frameworks/GLUT.framework; sourceTree = SDKROOT; };
		FAC19B1D223F76F100C44E40 /* OpenGL.framework */ = {isa = PBXFileReference; lastKnownFileType = wrapper.framework; name = OpenGL.framework; path = System/Library/Frameworks/OpenGL.framework; sourceTree = SDKROOT; };
		FAC19B1F223F7B7E00C44E40 /* GraphFile.cpp */ = {isa = PBXFileReference; lastKnownFileType = sourcecode.cpp.cpp; path = GraphFile.cpp; sourceTree = "<group>"; };
		FAC19B20223F7B7E00C44E40 /* GraphFile.hpp */ = {isa = PBXFileReference; lastKnownFileType = sourcecode.cpp.h; path = GraphFile.hpp; sourceTree = "<group>"; };
		FAC19B22223F8D0F00C44E40 /* resources */ = {isa = PBXFileReference; lastKnownFileType = folder; path = resources; sourceTree = "<group>"; };
/* End PBXFileReference section */

/* Begin PBXFrameworksBuildPhase section */
		FAAE2304223D178100E323FB /* Frameworks */ = {
			isa = PBXFrameworksBuildPhase;
			buildActionMask = 2147483647;
			files = (
				FAC19B1E223F76F100C44E40 /* OpenGL.framework in Frameworks */,
				FAC19B1C223F76E900C44E40 /* GLUT.framework in Frameworks */,
			);
			runOnlyForDeploymentPostprocessing = 0;
		};
/* End PBXFrameworksBuildPhase section */

/* Begin PBXGroup section */
		FAAE22FE223D178100E323FB = {
			isa = PBXGroup;
			children = (
				FAAE230A223D178100E323FB /* NewWave */,
				FAAE2309223D178100E323FB /* Products */,
				FAC19B1A223F76E800C44E40 /* Frameworks */,
			);
			sourceTree = "<group>";
		};
		FAAE2309223D178100E323FB /* Products */ = {
			isa = PBXGroup;
			children = (
				FAAE2308223D178100E323FB /* NewWave.app */,
			);
			name = Products;
			sourceTree = "<group>";
		};
		FAAE230A223D178100E323FB /* NewWave */ = {
			isa = PBXGroup;
			children = (
				FAAE230D223D178100E323FB /* ResourcePath.mm */,
				FAAE230F223D178100E323FB /* ResourcePath.hpp */,
				FAC19B1F223F7B7E00C44E40 /* GraphFile.cpp */,
				FAC19B20223F7B7E00C44E40 /* GraphFile.hpp */,
				FA4D7B53226B0B2000017415 /* Management.cpp */,
				FA4D7B54226B0B2000017415 /* Management.hpp */,
				FA4D7B56226B198200017415 /* Test.cpp */,
				FA4D7B57226B198200017415 /* Test.hpp */,
				FA28F2A8224FEB500078A4A3 /* Event.cpp */,
				FA28F2A9224FEB500078A4A3 /* Event.hpp */,
				FAAE2310223D178100E323FB /* main.cpp */,
				FAC19B22223F8D0F00C44E40 /* resources */,
				FAAE2312223D178100E323FB /* Resources */,
				FAAE230B223D178100E323FB /* Supporting Files */,
			);
			path = NewWave;
			sourceTree = "<group>";
		};
		FAAE230B223D178100E323FB /* Supporting Files */ = {
			isa = PBXGroup;
			children = (
				FAAE230C223D178100E323FB /* NewWave-Info.plist */,
			);
			name = "Supporting Files";
			sourceTree = "<group>";
		};
		FAAE2312223D178100E323FB /* Resources */ = {
			isa = PBXGroup;
			children = (
				FAAE2313223D178100E323FB /* cute_image.jpg */,
				FAAE2315223D178100E323FB /* nice_music.ogg */,
				FAAE2317223D178100E323FB /* sansation.ttf */,
				FAAE2319223D178100E323FB /* icon.png */,
			);
			name = Resources;
			sourceTree = "<group>";
		};
		FAC19B1A223F76E800C44E40 /* Frameworks */ = {
			isa = PBXGroup;
			children = (
				FAC19B1D223F76F100C44E40 /* OpenGL.framework */,
				FAC19B1B223F76E900C44E40 /* GLUT.framework */,
			);
			name = Frameworks;
			sourceTree = "<group>";
		};
/* End PBXGroup section */

/* Begin PBXNativeTarget section */
		FAAE2307223D178100E323FB /* NewWave */ = {
			isa = PBXNativeTarget;
			buildConfigurationList = FAAE231D223D178100E323FB /* Build configuration list for PBXNativeTarget "NewWave" */;
			buildPhases = (
				FAAE2303223D178100E323FB /* Sources */,
				FAAE2304223D178100E323FB /* Frameworks */,
				FAAE2305223D178100E323FB /* Resources */,
				FAAE2306223D178100E323FB /* ShellScript */,
			);
			buildRules = (
			);
			dependencies = (
			);
			name = NewWave;
			productName = NewWave;
			productReference = FAAE2308223D178100E323FB /* NewWave.app */;
			productType = "com.apple.product-type.application";
		};
/* End PBXNativeTarget section */

/* Begin PBXProject section */
		FAAE22FF223D178100E323FB /* Project object */ = {
			isa = PBXProject;
			attributes = {
				LastUpgradeCheck = 1020;
				ORGANIZATIONNAME = macbook;
				TargetAttributes = {
					FAAE2307223D178100E323FB = {
						CreatedOnToolsVersion = 10.1;
					};
				};
			};
			buildConfigurationList = FAAE2302223D178100E323FB /* Build configuration list for PBXProject "NewWave" */;
			compatibilityVersion = "Xcode 9.3";
			developmentRegion = en;
			hasScannedForEncodings = 0;
			knownRegions = (
				en,
				Base,
			);
			mainGroup = FAAE22FE223D178100E323FB;
			productRefGroup = FAAE2309223D178100E323FB /* Products */;
			projectDirPath = "";
			projectRoot = "";
			targets = (
				FAAE2307223D178100E323FB /* NewWave */,
			);
		};
/* End PBXProject section */

/* Begin PBXResourcesBuildPhase section */
		FAAE2305223D178100E323FB /* Resources */ = {
			isa = PBXResourcesBuildPhase;
			buildActionMask = 2147483647;
			files = (
				FAAE231A223D178100E323FB /* icon.png in Resources */,
				FAAE2318223D178100E323FB /* sansation.ttf in Resources */,
				FAC19B23223F8D0F00C44E40 /* resources in Resources */,
				FAAE2316223D178100E323FB /* nice_music.ogg in Resources */,
				FAAE2314223D178100E323FB /* cute_image.jpg in Resources */,
			);
			runOnlyForDeploymentPostprocessing = 0;
		};
/* End PBXResourcesBuildPhase section */

/* Begin PBXShellScriptBuildPhase section */
		FAAE2306223D178100E323FB /* ShellScript */ = {
			isa = PBXShellScriptBuildPhase;
			buildActionMask = 8;
			files = (
			);
			inputFileListPaths = (
			);
			inputPaths = (
			);
			outputFileListPaths = (
			);
			outputPaths = (
			);
			runOnlyForDeploymentPostprocessing = 1;
			shellPath = /bin/sh;
			shellScript = "# This shell script simply copies required SFML dylibs/frameworks into the application bundle frameworks folder.\n# If you're using static libraries (which is not recommended) you should remove this script from your project.\n\n# SETTINGS\nCMAKE_INSTALL_FRAMEWORK_PREFIX=\"/Library/Frameworks\"\nCMAKE_INSTALL_LIB_PREFIX=\"/usr/local/lib\"\nFRAMEWORKS_FULL_PATH=\"$BUILT_PRODUCTS_DIR/$FRAMEWORKS_FOLDER_PATH/\"\n\n# Are we building a project that uses frameworks or dylibs?\ncase \"$SFML_BINARY_TYPE\" in\n    DYLIBS)\n        frameworks=\"false\"\n        ;;\n    *)\n        frameworks=\"true\"\n        ;;\nesac\n\n# Echoes to stderr\nerror () # $* message to display\n{\n    echo $* 1>&2\n    exit 2\n}\n\nassert () # $1 is a boolean, $2...N is an error message\n{\n    if [ $# -lt 2 ]\n    then\n        error \"Internal error in assert: not enough args\"\n    fi\n\n    if [ $1 -ne 0 ]\n    then\n        shift\n        error \"$*\"\n    fi\n}\n\nforce_remove () # $@ is some paths\n{\n    test $# -ge 1\n    assert $? \"force_remove() requires at least one parameter\"\n    rm -fr $@\n    assert $? \"couldn't remove $@\"\n}\n\ncopy () # $1 is a source, $2 is a destination\n{\n    test $# -eq 2\n    assert $? \"copy() requires two parameters\"\n    ditto \"$1\" \"$2\"\n    assert $? \"couldn't copy $1 to $2\"\n}\n\nrequire () # $1 is a SFML module like 'system' or 'audio'\n{\n    dest=\"$BUILT_PRODUCTS_DIR/$FRAMEWORKS_FOLDER_PATH/\"\n\n    if [ -z \"$1\" ]\n    then\n        error \"require() requires one parameter!\"\n    else\n        # clean potentially old stuff\n        force_remove \"$dest/libsfml-$1\"*\n        force_remove \"$dest/sfml-$1.framework\"\n\n        # copy SFML libraries\n        if [ \"$frameworks\" = \"true\" ]\n        then\n            source=\"$CMAKE_INSTALL_FRAMEWORK_PREFIX/sfml-$1.framework\"\n            target=\"sfml-$1.framework\"\n        elif [ \"$SFML_LINK_DYLIBS_SUFFIX\" = \"-d\" ]\n        then\n            source=\"$CMAKE_INSTALL_LIB_PREFIX/libsfml-$1-d.dylib\"\n            target=\"`readlink $source`\"\n        else\n            source=\"$CMAKE_INSTALL_LIB_PREFIX/libsfml-$1.dylib\"\n            target=\"`readlink $source`\"\n        fi\n\n        copy \"$source\" \"$dest/$target\"\n\n        # copy extra dependencies\n        if [ \"$1\" = \"audio\" ]\n        then\n            # copy \"FLAC\" \"ogg\" \"vorbis\" \"vorbisenc\" \"vorbisfile\" \"OpenAL\" frameworks too\n            for f in \"FLAC\" \"ogg\" \"vorbis\" \"vorbisenc\" \"vorbisfile\" \"OpenAL\"\n            do\n                copy \"$CMAKE_INSTALL_FRAMEWORK_PREFIX/$f.framework\" \"$dest/$f.framework\"\n            done\n        elif [ \"$1\" = \"graphics\" ]\n        then\n            copy \"$CMAKE_INSTALL_FRAMEWORK_PREFIX/freetype.framework\" \"$dest/freetype.framework\"\n        fi\n    fi\n}\n\nif [ -n \"$SFML_SYSTEM\" ]\nthen\n    require \"system\"\nfi\n\nif [ -n \"$SFML_AUDIO\" ]\nthen\n    require \"audio\"\nfi\n\nif [ -n \"$SFML_NETWORK\" ]\nthen\n    require \"network\"\nfi\n\nif [ -n \"$SFML_WINDOW\" ]\nthen\n    require \"window\"\nfi\n\nif [ -n \"$SFML_GRAPHICS\" ]\nthen\n    require \"graphics\"\nfi\n\n                \n";
		};
/* End PBXShellScriptBuildPhase section */

/* Begin PBXSourcesBuildPhase section */
		FAAE2303223D178100E323FB /* Sources */ = {
			isa = PBXSourcesBuildPhase;
			buildActionMask = 2147483647;
			files = (
				FA4D7B55226B0B2000017415 /* Management.cpp in Sources */,
				FA28F2AA224FEB500078A4A3 /* Event.cpp in Sources */,
				FAC19B21223F7B7E00C44E40 /* GraphFile.cpp in Sources */,
				FA4D7B58226B198200017415 /* Test.cpp in Sources */,
				FAAE2311223D178100E323FB /* main.cpp in Sources */,
				FAAE230E223D178100E323FB /* ResourcePath.mm in Sources */,
			);
			runOnlyForDeploymentPostprocessing = 0;
		};
/* End PBXSourcesBuildPhase section */

/* Begin XCBuildConfiguration section */
		FAAE231B223D178100E323FB /* Debug */ = {
			isa = XCBuildConfiguration;
			buildSettings = {
				CLANG_CXX_LANGUAGE_STANDARD = "c++0x";
				CLANG_CXX_LIBRARY = "libc++";
				CLANG_WARN_BLOCK_CAPTURE_AUTORELEASING = YES;
				CLANG_WARN_BOOL_CONVERSION = YES;
				CLANG_WARN_COMMA = YES;
				CLANG_WARN_CONSTANT_CONVERSION = YES;
				CLANG_WARN_DEPRECATED_OBJC_IMPLEMENTATIONS = YES;
				CLANG_WARN_EMPTY_BODY = YES;
				CLANG_WARN_ENUM_CONVERSION = YES;
				CLANG_WARN_INFINITE_RECURSION = YES;
				CLANG_WARN_INT_CONVERSION = YES;
				CLANG_WARN_NON_LITERAL_NULL_CONVERSION = YES;
				CLANG_WARN_OBJC_IMPLICIT_RETAIN_SELF = YES;
				CLANG_WARN_OBJC_LITERAL_CONVERSION = YES;
				CLANG_WARN_RANGE_LOOP_ANALYSIS = YES;
				CLANG_WARN_STRICT_PROTOTYPES = YES;
				CLANG_WARN_SUSPICIOUS_MOVE = YES;
				CLANG_WARN_UNREACHABLE_CODE = YES;
				CLANG_WARN__DUPLICATE_METHOD_MATCH = YES;
				ENABLE_STRICT_OBJC_MSGSEND = YES;
				ENABLE_TESTABILITY = YES;
				FRAMEWORK_SEARCH_PATHS = (
					/Library/Frameworks/,
					"$(inherited)",
				);
				GCC_NO_COMMON_BLOCKS = YES;
				GCC_VERSION = com.apple.compilers.llvm.clang.1_0;
				GCC_WARN_64_TO_32_BIT_CONVERSION = YES;
				GCC_WARN_ABOUT_RETURN_TYPE = YES;
				GCC_WARN_UNDECLARED_SELECTOR = YES;
				GCC_WARN_UNINITIALIZED_AUTOS = YES;
				GCC_WARN_UNUSED_FUNCTION = YES;
				GCC_WARN_UNUSED_VARIABLE = YES;
				HEADER_SEARCH_PATHS = (
					/usr/local/include/,
					"$(inherited)",
				);
				LIBRARY_SEARCH_PATHS = (
					/usr/local/lib/,
					"$(inherited)",
				);
				MACOSX_DEPLOYMENT_TARGET = 10.7;
				ONLY_ACTIVE_ARCH = YES;
				OTHER_LDFLAGS = (
					"$(inherited)",
					"$(SFML_SYSTEM)",
					"$(SFML_WINDOW)",
					"$(SFML_GRAPHICS)",
					"$(SFML_AUDIO)",
					"$(SFML_NETWORK)",
				);
				SFML_AUDIO = "$(SFML_LINK_PREFIX) sfml-audio$(SFML_LINK_SUFFIX)";
				SFML_BINARY_TYPE = FRAMEWORKS;
				SFML_GRAPHICS = "$(SFML_LINK_PREFIX) sfml-graphics$(SFML_LINK_SUFFIX)";
				SFML_LINK_DYLIBS_PREFIX = "-l";
				SFML_LINK_DYLIBS_SUFFIX = "";
				SFML_LINK_FRAMEWORKS_PREFIX = "-framework";
				SFML_LINK_FRAMEWORKS_SUFFIX = "";
				SFML_LINK_PREFIX = "$(SFML_LINK_$(SFML_BINARY_TYPE)_PREFIX)";
				SFML_LINK_SUFFIX = "$(SFML_LINK_$(SFML_BINARY_TYPE)_SUFFIX)";
				SFML_NETWORK = "$(SFML_LINK_PREFIX) sfml-network$(SFML_LINK_SUFFIX)";
				SFML_SYSTEM = "$(SFML_LINK_PREFIX) sfml-system$(SFML_LINK_SUFFIX)";
				SFML_WINDOW = "$(SFML_LINK_PREFIX) sfml-window$(SFML_LINK_SUFFIX)";
				SUPPORTED_PLATFORMS = macosx;
			};
			name = Debug;
		};
		FAAE231C223D178100E323FB /* Release */ = {
			isa = XCBuildConfiguration;
			buildSettings = {
				CLANG_CXX_LANGUAGE_STANDARD = "c++0x";
				CLANG_CXX_LIBRARY = "libc++";
				CLANG_WARN_BLOCK_CAPTURE_AUTORELEASING = YES;
				CLANG_WARN_BOOL_CONVERSION = YES;
				CLANG_WARN_COMMA = YES;
				CLANG_WARN_CONSTANT_CONVERSION = YES;
				CLANG_WARN_DEPRECATED_OBJC_IMPLEMENTATIONS = YES;
				CLANG_WARN_EMPTY_BODY = YES;
				CLANG_WARN_ENUM_CONVERSION = YES;
				CLANG_WARN_INFINITE_RECURSION = YES;
				CLANG_WARN_INT_CONVERSION = YES;
				CLANG_WARN_NON_LITERAL_NULL_CONVERSION = YES;
				CLANG_WARN_OBJC_IMPLICIT_RETAIN_SELF = YES;
				CLANG_WARN_OBJC_LITERAL_CONVERSION = YES;
				CLANG_WARN_RANGE_LOOP_ANALYSIS = YES;
				CLANG_WARN_STRICT_PROTOTYPES = YES;
				CLANG_WARN_SUSPICIOUS_MOVE = YES;
				CLANG_WARN_UNREACHABLE_CODE = YES;
				CLANG_WARN__DUPLICATE_METHOD_MATCH = YES;
				ENABLE_STRICT_OBJC_MSGSEND = YES;
				FRAMEWORK_SEARCH_PATHS = (
					/Library/Frameworks/,
					"$(inherited)",
				);
				GCC_NO_COMMON_BLOCKS = YES;
				GCC_VERSION = com.apple.compilers.llvm.clang.1_0;
				GCC_WARN_64_TO_32_BIT_CONVERSION = YES;
				GCC_WARN_ABOUT_RETURN_TYPE = YES;
				GCC_WARN_UNDECLARED_SELECTOR = YES;
				GCC_WARN_UNINITIALIZED_AUTOS = YES;
				GCC_WARN_UNUSED_FUNCTION = YES;
				GCC_WARN_UNUSED_VARIABLE = YES;
				HEADER_SEARCH_PATHS = (
					/usr/local/include/,
					"$(inherited)",
				);
				LIBRARY_SEARCH_PATHS = (
					/usr/local/lib/,
					"$(inherited)",
				);
				MACOSX_DEPLOYMENT_TARGET = 10.7;
				OTHER_LDFLAGS = (
					"$(inherited)",
					"$(SFML_SYSTEM)",
					"$(SFML_WINDOW)",
					"$(SFML_GRAPHICS)",
					"$(SFML_AUDIO)",
					"$(SFML_NETWORK)",
				);
				SFML_AUDIO = "$(SFML_LINK_PREFIX) sfml-audio$(SFML_LINK_SUFFIX)";
				SFML_BINARY_TYPE = FRAMEWORKS;
				SFML_GRAPHICS = "$(SFML_LINK_PREFIX) sfml-graphics$(SFML_LINK_SUFFIX)";
				SFML_LINK_DYLIBS_PREFIX = "-l";
				SFML_LINK_DYLIBS_SUFFIX = "";
				SFML_LINK_FRAMEWORKS_PREFIX = "-framework";
				SFML_LINK_FRAMEWORKS_SUFFIX = "";
				SFML_LINK_PREFIX = "$(SFML_LINK_$(SFML_BINARY_TYPE)_PREFIX)";
				SFML_LINK_SUFFIX = "$(SFML_LINK_$(SFML_BINARY_TYPE)_SUFFIX)";
				SFML_NETWORK = "$(SFML_LINK_PREFIX) sfml-network$(SFML_LINK_SUFFIX)";
				SFML_SYSTEM = "$(SFML_LINK_PREFIX) sfml-system$(SFML_LINK_SUFFIX)";
				SFML_WINDOW = "$(SFML_LINK_PREFIX) sfml-window$(SFML_LINK_SUFFIX)";
				SUPPORTED_PLATFORMS = macosx;
			};
			name = Release;
		};
		FAAE231E223D178100E323FB /* Debug */ = {
			isa = XCBuildConfiguration;
			buildSettings = {
				CLANG_ENABLE_OBJC_WEAK = YES;
				CODE_SIGN_STYLE = Automatic;
				INFOPLIST_FILE = "NewWave/NewWave-Info.plist";
				LD_RUNPATH_SEARCH_PATHS = "@loader_path/../Frameworks";
				PRODUCT_BUNDLE_IDENTIFIER = "lan.${PRODUCT_NAME:rfc1034identifier}";
				PRODUCT_NAME = "$(TARGET_NAME)";
			};
			name = Debug;
		};
		FAAE231F223D178100E323FB /* Release */ = {
			isa = XCBuildConfiguration;
			buildSettings = {
				CLANG_ENABLE_OBJC_WEAK = YES;
				CODE_SIGN_STYLE = Automatic;
				INFOPLIST_FILE = "NewWave/NewWave-Info.plist";
				LD_RUNPATH_SEARCH_PATHS = "@loader_path/../Frameworks";
				PRODUCT_BUNDLE_IDENTIFIER = "lan.${PRODUCT_NAME:rfc1034identifier}";
				PRODUCT_NAME = "$(TARGET_NAME)";
			};
			name = Release;
		};
/* End XCBuildConfiguration section */

/* Begin XCConfigurationList section */
		FAAE2302223D178100E323FB /* Build configuration list for PBXProject "NewWave" */ = {
			isa = XCConfigurationList;
			buildConfigurations = (
				FAAE231B223D178100E323FB /* Debug */,
				FAAE231C223D178100E323FB /* Release */,
			);
			defaultConfigurationIsVisible = 0;
			defaultConfigurationName = Release;
		};
		FAAE231D223D178100E323FB /* Build configuration list for PBXNativeTarget "NewWave" */ = {
			isa = XCConfigurationList;
			buildConfigurations = (
				FAAE231E223D178100E323FB /* Debug */,
				FAAE231F223D178100E323FB /* Release */,
			);
			defaultConfigurationIsVisible = 0;
			defaultConfigurationName = Release;
		};
/* End XCConfigurationList section */
	};
	rootObject = FAAE22FF223D178100E323FB /* Project object */;
}
